
Microsoft Visual Studio Solution File, Format Version 12.00
# Visual Studio 15
VisualStudioVersion = 15.0.26020.0
MinimumVisualStudioVersion = 10.0.40219.1
Project("{FAE04EC0-301F-11D3-BF4B-00C04F79EFBC}") = "RepositoryArchitecture", "RepositoryArchitecture\RepositoryArchitecture.csproj", "{41A7548D-73C4-4862-8B89-2720E10A21F8}"
EndProject
Global
	GlobalSection(SolutionConfigurationPlatforms) = preSolution
		Debug|Any CPU = Debug|Any CPU
		Release|Any CPU = Release|Any CPU
	EndGlobalSection
	GlobalSection(ProjectConfigurationPlatforms) = postSolution
		{41A7548D-73C4-4862-8B89-2720E10A21F8}.Debug|Any CPU.ActiveCfg = Debug|Any CPU
		{41A7548D-73C4-4862-8B89-2720E10A21F8}.Debug|Any CPU.Build.0 = Debug|Any CPU
		{41A7548D-73C4-4862-8B89-2720E10A21F8}.Release|Any CPU.ActiveCfg = Release|Any CPU
		{41A7548D-73C4-4862-8B89-2720E10A21F8}.Release|Any CPU.Build.0 = Release|Any CPU
	EndGlobalSection
	GlobalSection(SolutionProperties) = preSolution
		HideSolutionNode = FALSE
	EndGlobalSection
	GlobalSection(TeamFoundationVersionControl) = preSolution
		SccNumberOfProjects = 2
		SccEnterpriseProvider = {4CA58AB2-18FA-4F8D-95D4-32DDF27D184C}
		SccTeamFoundationServer = https://edyulgerov.visualstudio.com/
		SccLocalPath0 = .
		SccProjectUniqueName1 = RepositoryArchitecture\\RepositoryArchitecture.csproj
		SccProjectName1 = RepositoryArchitecture
		SccLocalPath1 = RepositoryArchitecture
	EndGlobalSection
EndGlobal
